
Microsoft Visual Studio Solution File, Format Version 12.00
# Visual Studio 14
VisualStudioVersion = 14.0.23107.0
MinimumVisualStudioVersion = 10.0.40219.1
Project("{FAE04EC0-301F-11D3-BF4B-00C04F79EFBC}") = "CredentialStorage", "CredentialStorage\CredentialStorage.csproj", "{8BB87AC2-51CC-457D-A1C8-7457642FD56D}"
EndProject
Project("{FAE04EC0-301F-11D3-BF4B-00C04F79EFBC}") = "AuthorizationServerTest", "AuthorizationServerTest\AuthorizationServerTest.csproj", "{53AF7139-03C3-4CBE-838F-C5705DD43E4F}"
EndProject
Project("{FAE04EC0-301F-11D3-BF4B-00C04F79EFBC}") = "EventEmitter.Client", "EventEmitter.Client\EventEmitter.Client.csproj", "{A4A12EC2-9C53-4099-9CFE-7C1D115CB48E}"
EndProject
Project("{FAE04EC0-301F-11D3-BF4B-00C04F79EFBC}") = "EventEmitter.Api", "EventEmitter.Api\EventEmitter.Api.csproj", "{11A9EB2E-D8F7-43D8-9D3B-E093629990E2}"
EndProject
Project("{FAE04EC0-301F-11D3-BF4B-00C04F79EFBC}") = "EventEmitter.Storage", "EventEmitter.Storage\EventEmitter.Storage.csproj", "{86D00CCF-4D67-4E88-AC98-AC463592CAD7}"
EndProject
Global
	GlobalSection(SolutionConfigurationPlatforms) = preSolution
		Debug|Any CPU = Debug|Any CPU
		Release|Any CPU = Release|Any CPU
	EndGlobalSection
	GlobalSection(ProjectConfigurationPlatforms) = postSolution
		{8BB87AC2-51CC-457D-A1C8-7457642FD56D}.Debug|Any CPU.ActiveCfg = Debug|Any CPU
		{8BB87AC2-51CC-457D-A1C8-7457642FD56D}.Debug|Any CPU.Build.0 = Debug|Any CPU
		{8BB87AC2-51CC-457D-A1C8-7457642FD56D}.Release|Any CPU.ActiveCfg = Release|Any CPU
		{8BB87AC2-51CC-457D-A1C8-7457642FD56D}.Release|Any CPU.Build.0 = Release|Any CPU
		{53AF7139-03C3-4CBE-838F-C5705DD43E4F}.Debug|Any CPU.ActiveCfg = Debug|Any CPU
		{53AF7139-03C3-4CBE-838F-C5705DD43E4F}.Debug|Any CPU.Build.0 = Debug|Any CPU
		{53AF7139-03C3-4CBE-838F-C5705DD43E4F}.Release|Any CPU.ActiveCfg = Release|Any CPU
		{53AF7139-03C3-4CBE-838F-C5705DD43E4F}.Release|Any CPU.Build.0 = Release|Any CPU
		{A4A12EC2-9C53-4099-9CFE-7C1D115CB48E}.Debug|Any CPU.ActiveCfg = Debug|Any CPU
		{A4A12EC2-9C53-4099-9CFE-7C1D115CB48E}.Debug|Any CPU.Build.0 = Debug|Any CPU
		{A4A12EC2-9C53-4099-9CFE-7C1D115CB48E}.Release|Any CPU.ActiveCfg = Release|Any CPU
		{A4A12EC2-9C53-4099-9CFE-7C1D115CB48E}.Release|Any CPU.Build.0 = Release|Any CPU
		{11A9EB2E-D8F7-43D8-9D3B-E093629990E2}.Debug|Any CPU.ActiveCfg = Debug|Any CPU
		{11A9EB2E-D8F7-43D8-9D3B-E093629990E2}.Debug|Any CPU.Build.0 = Debug|Any CPU
		{11A9EB2E-D8F7-43D8-9D3B-E093629990E2}.Release|Any CPU.ActiveCfg = Release|Any CPU
		{11A9EB2E-D8F7-43D8-9D3B-E093629990E2}.Release|Any CPU.Build.0 = Release|Any CPU
		{86D00CCF-4D67-4E88-AC98-AC463592CAD7}.Debug|Any CPU.ActiveCfg = Debug|Any CPU
		{86D00CCF-4D67-4E88-AC98-AC463592CAD7}.Debug|Any CPU.Build.0 = Debug|Any CPU
		{86D00CCF-4D67-4E88-AC98-AC463592CAD7}.Release|Any CPU.ActiveCfg = Release|Any CPU
		{86D00CCF-4D67-4E88-AC98-AC463592CAD7}.Release|Any CPU.Build.0 = Release|Any CPU
	EndGlobalSection
	GlobalSection(SolutionProperties) = preSolution
		HideSolutionNode = FALSE
	EndGlobalSection
EndGlobal
