
Microsoft Visual Studio Solution File, Format Version 12.00
# Visual Studio 14
VisualStudioVersion = 14.0.25420.1
MinimumVisualStudioVersion = 10.0.40219.1
Project("{FAE04EC0-301F-11D3-BF4B-00C04F79EFBC}") = "CredentialStorage", "CredentialStorage\CredentialStorage.csproj", "{8BB87AC2-51CC-457D-A1C8-7457642FD56D}"
EndProject
Project("{FAE04EC0-301F-11D3-BF4B-00C04F79EFBC}") = "AuthorizationServerTest", "AuthorizationServerTest\AuthorizationServerTest.csproj", "{53AF7139-03C3-4CBE-838F-C5705DD43E4F}"
EndProject
Project("{FAE04EC0-301F-11D3-BF4B-00C04F79EFBC}") = "EventEmitter.Client", "EventEmitter.Client\EventEmitter.Client.csproj", "{A4A12EC2-9C53-4099-9CFE-7C1D115CB48E}"
EndProject
Project("{FAE04EC0-301F-11D3-BF4B-00C04F79EFBC}") = "EventEmitter.Api", "EventEmitter.Api\EventEmitter.Api.csproj", "{11A9EB2E-D8F7-43D8-9D3B-E093629990E2}"
EndProject
Project("{FAE04EC0-301F-11D3-BF4B-00C04F79EFBC}") = "EventEmitter.Storage", "EventEmitter.Storage\EventEmitter.Storage.csproj", "{86D00CCF-4D67-4E88-AC98-AC463592CAD7}"
EndProject
Project("{FAE04EC0-301F-11D3-BF4B-00C04F79EFBC}") = "EventEmitter.UserServices", "EventEmitter.UserServices\EventEmitter.UserServices.csproj", "{04B68258-A846-43AA-99EF-088135B592F8}"
EndProject
Project("{2150E333-8FDC-42A3-9474-1A3956D46DE8}") = "DataMiner", "DataMiner", "{834A31D0-3F61-45F5-B90E-5DF494766BC4}"
EndProject
Project("{FAE04EC0-301F-11D3-BF4B-00C04F79EFBC}") = "DataMiner.Services", "DataMiner.Services\DataMiner.Services.csproj", "{90E3CC8E-2347-44FA-A70C-04D00030B2ED}"
EndProject
Project("{FAE04EC0-301F-11D3-BF4B-00C04F79EFBC}") = "DataMiner.ModelGenerator", "DataMiner.ModelGenerator\DataMiner.ModelGenerator.csproj", "{E03AC76F-C7BC-4E9F-BD6E-3235B3C85C91}"
EndProject
Project("{FAE04EC0-301F-11D3-BF4B-00C04F79EFBC}") = "DataMiner.App", "DataMiner.App\DataMiner.App.csproj", "{84FB182D-497F-470D-8884-E72028BB5F6F}"
EndProject
Project("{FAE04EC0-301F-11D3-BF4B-00C04F79EFBC}") = "EventEmitter.AdminServices", "EventEmitter.AdminServices\EventEmitter.AdminServices.csproj", "{3E50ABEA-E545-4E1B-8424-C8531E0D4352}"
EndProject
Project("{FAE04EC0-301F-11D3-BF4B-00C04F79EFBC}") = "EventEmitter.Jobs", "EventEmitter.Jobs\EventEmitter.Jobs.csproj", "{9280F62B-39F9-42D7-AA09-72DA5A203CEA}"
EndProject
Project("{FAE04EC0-301F-11D3-BF4B-00C04F79EFBC}") = "EventEmitter.Core", "EventEmitter.Core\EventEmitter.Core.csproj", "{24936B63-9AF6-4DBF-9576-E88289B6FED3}"
EndProject
Project("{FAE04EC0-301F-11D3-BF4B-00C04F79EFBC}") = "EventEmitter.Queries", "EventEmitter.Queries\EventEmitter.Queries.csproj", "{6A315FEC-982A-4BAE-832C-31A6D6464883}"
EndProject
Project("{FAE04EC0-301F-11D3-BF4B-00C04F79EFBC}") = "EventEmitter.Semantic", "EventEmitter.Semantic\EventEmitter.Semantic.csproj", "{B3C27F2E-AF04-414D-B374-C7B0DD96F0FA}"
EndProject
Project("{FAE04EC0-301F-11D3-BF4B-00C04F79EFBC}") = "EventEmitter.Semantic.Test", "EventEmitter.Semantic.Test\EventEmitter.Semantic.Test.csproj", "{D990DBF7-6BBB-441D-A7DF-9103F32AF6EF}"
EndProject
Project("{FAE04EC0-301F-11D3-BF4B-00C04F79EFBC}") = "EventEmitter.Commands", "EventEmitter.Commands\EventEmitter.Commands.csproj", "{3AB42EEF-F669-45A6-957D-BD1989C6339E}"
EndProject
Project("{2150E333-8FDC-42A3-9474-1A3956D46DE8}") = "SentimentDetection", "SentimentDetection", "{4C2F001D-2AF5-4AB2-8887-BDE652270D9A}"
EndProject
Project("{FAE04EC0-301F-11D3-BF4B-00C04F79EFBC}") = "SentimentDetection.Research", "SentimentDetection.Research\SentimentDetection.Research.csproj", "{B098E4E5-63E0-4833-B41A-C3A97BDCEEB4}"
EndProject
Global
	GlobalSection(SolutionConfigurationPlatforms) = preSolution
		Debug|Any CPU = Debug|Any CPU
		Release|Any CPU = Release|Any CPU
	EndGlobalSection
	GlobalSection(ProjectConfigurationPlatforms) = postSolution
		{8BB87AC2-51CC-457D-A1C8-7457642FD56D}.Debug|Any CPU.ActiveCfg = Debug|Any CPU
		{8BB87AC2-51CC-457D-A1C8-7457642FD56D}.Debug|Any CPU.Build.0 = Debug|Any CPU
		{8BB87AC2-51CC-457D-A1C8-7457642FD56D}.Release|Any CPU.ActiveCfg = Release|Any CPU
		{8BB87AC2-51CC-457D-A1C8-7457642FD56D}.Release|Any CPU.Build.0 = Release|Any CPU
		{53AF7139-03C3-4CBE-838F-C5705DD43E4F}.Debug|Any CPU.ActiveCfg = Debug|Any CPU
		{53AF7139-03C3-4CBE-838F-C5705DD43E4F}.Debug|Any CPU.Build.0 = Debug|Any CPU
		{53AF7139-03C3-4CBE-838F-C5705DD43E4F}.Release|Any CPU.ActiveCfg = Release|Any CPU
		{53AF7139-03C3-4CBE-838F-C5705DD43E4F}.Release|Any CPU.Build.0 = Release|Any CPU
		{A4A12EC2-9C53-4099-9CFE-7C1D115CB48E}.Debug|Any CPU.ActiveCfg = Debug|Any CPU
		{A4A12EC2-9C53-4099-9CFE-7C1D115CB48E}.Debug|Any CPU.Build.0 = Debug|Any CPU
		{A4A12EC2-9C53-4099-9CFE-7C1D115CB48E}.Release|Any CPU.ActiveCfg = Release|Any CPU
		{A4A12EC2-9C53-4099-9CFE-7C1D115CB48E}.Release|Any CPU.Build.0 = Release|Any CPU
		{11A9EB2E-D8F7-43D8-9D3B-E093629990E2}.Debug|Any CPU.ActiveCfg = Debug|Any CPU
		{11A9EB2E-D8F7-43D8-9D3B-E093629990E2}.Debug|Any CPU.Build.0 = Debug|Any CPU
		{11A9EB2E-D8F7-43D8-9D3B-E093629990E2}.Release|Any CPU.ActiveCfg = Release|Any CPU
		{11A9EB2E-D8F7-43D8-9D3B-E093629990E2}.Release|Any CPU.Build.0 = Release|Any CPU
		{86D00CCF-4D67-4E88-AC98-AC463592CAD7}.Debug|Any CPU.ActiveCfg = Debug|Any CPU
		{86D00CCF-4D67-4E88-AC98-AC463592CAD7}.Debug|Any CPU.Build.0 = Debug|Any CPU
		{86D00CCF-4D67-4E88-AC98-AC463592CAD7}.Release|Any CPU.ActiveCfg = Release|Any CPU
		{86D00CCF-4D67-4E88-AC98-AC463592CAD7}.Release|Any CPU.Build.0 = Release|Any CPU
		{04B68258-A846-43AA-99EF-088135B592F8}.Debug|Any CPU.ActiveCfg = Debug|Any CPU
		{04B68258-A846-43AA-99EF-088135B592F8}.Debug|Any CPU.Build.0 = Debug|Any CPU
		{04B68258-A846-43AA-99EF-088135B592F8}.Release|Any CPU.ActiveCfg = Release|Any CPU
		{04B68258-A846-43AA-99EF-088135B592F8}.Release|Any CPU.Build.0 = Release|Any CPU
		{90E3CC8E-2347-44FA-A70C-04D00030B2ED}.Debug|Any CPU.ActiveCfg = Debug|Any CPU
		{90E3CC8E-2347-44FA-A70C-04D00030B2ED}.Debug|Any CPU.Build.0 = Debug|Any CPU
		{90E3CC8E-2347-44FA-A70C-04D00030B2ED}.Release|Any CPU.ActiveCfg = Release|Any CPU
		{90E3CC8E-2347-44FA-A70C-04D00030B2ED}.Release|Any CPU.Build.0 = Release|Any CPU
		{E03AC76F-C7BC-4E9F-BD6E-3235B3C85C91}.Debug|Any CPU.ActiveCfg = Debug|Any CPU
		{E03AC76F-C7BC-4E9F-BD6E-3235B3C85C91}.Debug|Any CPU.Build.0 = Debug|Any CPU
		{E03AC76F-C7BC-4E9F-BD6E-3235B3C85C91}.Release|Any CPU.ActiveCfg = Release|Any CPU
		{E03AC76F-C7BC-4E9F-BD6E-3235B3C85C91}.Release|Any CPU.Build.0 = Release|Any CPU
		{84FB182D-497F-470D-8884-E72028BB5F6F}.Debug|Any CPU.ActiveCfg = Debug|Any CPU
		{84FB182D-497F-470D-8884-E72028BB5F6F}.Debug|Any CPU.Build.0 = Debug|Any CPU
		{84FB182D-497F-470D-8884-E72028BB5F6F}.Release|Any CPU.ActiveCfg = Release|Any CPU
		{84FB182D-497F-470D-8884-E72028BB5F6F}.Release|Any CPU.Build.0 = Release|Any CPU
		{3E50ABEA-E545-4E1B-8424-C8531E0D4352}.Debug|Any CPU.ActiveCfg = Debug|Any CPU
		{3E50ABEA-E545-4E1B-8424-C8531E0D4352}.Debug|Any CPU.Build.0 = Debug|Any CPU
		{3E50ABEA-E545-4E1B-8424-C8531E0D4352}.Release|Any CPU.ActiveCfg = Release|Any CPU
		{3E50ABEA-E545-4E1B-8424-C8531E0D4352}.Release|Any CPU.Build.0 = Release|Any CPU
		{9280F62B-39F9-42D7-AA09-72DA5A203CEA}.Debug|Any CPU.ActiveCfg = Debug|Any CPU
		{9280F62B-39F9-42D7-AA09-72DA5A203CEA}.Debug|Any CPU.Build.0 = Debug|Any CPU
		{9280F62B-39F9-42D7-AA09-72DA5A203CEA}.Release|Any CPU.ActiveCfg = Release|Any CPU
		{9280F62B-39F9-42D7-AA09-72DA5A203CEA}.Release|Any CPU.Build.0 = Release|Any CPU
		{24936B63-9AF6-4DBF-9576-E88289B6FED3}.Debug|Any CPU.ActiveCfg = Debug|Any CPU
		{24936B63-9AF6-4DBF-9576-E88289B6FED3}.Debug|Any CPU.Build.0 = Debug|Any CPU
		{24936B63-9AF6-4DBF-9576-E88289B6FED3}.Release|Any CPU.ActiveCfg = Release|Any CPU
		{24936B63-9AF6-4DBF-9576-E88289B6FED3}.Release|Any CPU.Build.0 = Release|Any CPU
		{6A315FEC-982A-4BAE-832C-31A6D6464883}.Debug|Any CPU.ActiveCfg = Debug|Any CPU
		{6A315FEC-982A-4BAE-832C-31A6D6464883}.Debug|Any CPU.Build.0 = Debug|Any CPU
		{6A315FEC-982A-4BAE-832C-31A6D6464883}.Release|Any CPU.ActiveCfg = Release|Any CPU
		{6A315FEC-982A-4BAE-832C-31A6D6464883}.Release|Any CPU.Build.0 = Release|Any CPU
		{B3C27F2E-AF04-414D-B374-C7B0DD96F0FA}.Debug|Any CPU.ActiveCfg = Debug|Any CPU
		{B3C27F2E-AF04-414D-B374-C7B0DD96F0FA}.Debug|Any CPU.Build.0 = Debug|Any CPU
		{B3C27F2E-AF04-414D-B374-C7B0DD96F0FA}.Release|Any CPU.ActiveCfg = Release|Any CPU
		{B3C27F2E-AF04-414D-B374-C7B0DD96F0FA}.Release|Any CPU.Build.0 = Release|Any CPU
		{D990DBF7-6BBB-441D-A7DF-9103F32AF6EF}.Debug|Any CPU.ActiveCfg = Debug|Any CPU
		{D990DBF7-6BBB-441D-A7DF-9103F32AF6EF}.Debug|Any CPU.Build.0 = Debug|Any CPU
		{D990DBF7-6BBB-441D-A7DF-9103F32AF6EF}.Release|Any CPU.ActiveCfg = Release|Any CPU
		{D990DBF7-6BBB-441D-A7DF-9103F32AF6EF}.Release|Any CPU.Build.0 = Release|Any CPU
		{3AB42EEF-F669-45A6-957D-BD1989C6339E}.Debug|Any CPU.ActiveCfg = Debug|Any CPU
		{3AB42EEF-F669-45A6-957D-BD1989C6339E}.Debug|Any CPU.Build.0 = Debug|Any CPU
		{3AB42EEF-F669-45A6-957D-BD1989C6339E}.Release|Any CPU.ActiveCfg = Release|Any CPU
		{3AB42EEF-F669-45A6-957D-BD1989C6339E}.Release|Any CPU.Build.0 = Release|Any CPU
		{B098E4E5-63E0-4833-B41A-C3A97BDCEEB4}.Debug|Any CPU.ActiveCfg = Debug|Any CPU
		{B098E4E5-63E0-4833-B41A-C3A97BDCEEB4}.Debug|Any CPU.Build.0 = Debug|Any CPU
		{B098E4E5-63E0-4833-B41A-C3A97BDCEEB4}.Release|Any CPU.ActiveCfg = Release|Any CPU
		{B098E4E5-63E0-4833-B41A-C3A97BDCEEB4}.Release|Any CPU.Build.0 = Release|Any CPU
	EndGlobalSection
	GlobalSection(SolutionProperties) = preSolution
		HideSolutionNode = FALSE
	EndGlobalSection
	GlobalSection(NestedProjects) = preSolution
		{90E3CC8E-2347-44FA-A70C-04D00030B2ED} = {834A31D0-3F61-45F5-B90E-5DF494766BC4}
		{E03AC76F-C7BC-4E9F-BD6E-3235B3C85C91} = {834A31D0-3F61-45F5-B90E-5DF494766BC4}
		{84FB182D-497F-470D-8884-E72028BB5F6F} = {834A31D0-3F61-45F5-B90E-5DF494766BC4}
		{B098E4E5-63E0-4833-B41A-C3A97BDCEEB4} = {4C2F001D-2AF5-4AB2-8887-BDE652270D9A}
	EndGlobalSection
EndGlobal
